
Microsoft Visual Studio Solution File, Format Version 12.00
# Visual Studio Version 16
VisualStudioVersion = 16.0.29728.190
MinimumVisualStudioVersion = 10.0.40219.1
Project("{9A19103F-16F7-4668-BE54-9A1E7A4F7556}") = "Convience.ManagentApi", "Convience.Applications\Convience.ManagentApi\Convience.ManagentApi.csproj", "{80FDEED6-C283-4901-9B55-BA08D4C98394}"
EndProject
Project("{9A19103F-16F7-4668-BE54-9A1E7A4F7556}") = "Convience.EntityFrameWork", "Convience.FrameWork\Convience.Data\Convience.EntityFrameWork\Convience.EntityFrameWork.csproj", "{4BEFDB37-E9D3-48E0-8CC4-2CC622F063C8}"
EndProject
Project("{9A19103F-16F7-4668-BE54-9A1E7A4F7556}") = "Convience.Core", "Convience.FrameWork\Convience.Core\Convience.Core.csproj", "{DFCA502F-F81B-47DA-A3B7-00984F05BC2A}"
EndProject
Project("{9A19103F-16F7-4668-BE54-9A1E7A4F7556}") = "Convience.Model", "Convience.Applications\Convience.Model\Convience.Model.csproj", "{0C968981-5652-490B-ACDE-61B43B31F434}"
EndProject
Project("{9A19103F-16F7-4668-BE54-9A1E7A4F7556}") = "Convience.Service", "Convience.Applications\Convience.Service\Convience.Service.csproj", "{87A6FC9D-257D-41EF-8A64-3BA80E5F2F81}"
EndProject
Project("{2150E333-8FDC-42A3-9474-1A3956D46DE8}") = "Convience.Applications", "Convience.Applications", "{116CE78A-855F-4077-B201-45C2564B8E51}"
EndProject
Project("{2150E333-8FDC-42A3-9474-1A3956D46DE8}") = "Convience.FrameWork", "Convience.FrameWork", "{B2FBD460-03C9-44A5-8325-4DE983290B8E}"
EndProject
Project("{9A19103F-16F7-4668-BE54-9A1E7A4F7556}") = "Convience.Entity", "Convience.Applications\Convience.Entity\Convience.Entity.csproj", "{0DAC03B3-CFED-49FB-AFB0-5DC27B29C5FC}"
EndProject
Project("{9A19103F-16F7-4668-BE54-9A1E7A4F7556}") = "Convience.Fluentvalidation", "Convience.FrameWork\Convience.Fluentvalidation\Convience.Fluentvalidation.csproj", "{9634CD98-3133-46F5-8BBF-608F35872C10}"
EndProject
Project("{9A19103F-16F7-4668-BE54-9A1E7A4F7556}") = "Convience.Util", "Convience.FrameWork\Convience.Util\Convience.Util.csproj", "{22E971E8-9B3C-43FC-9448-815DA6127A9E}"
EndProject
Project("{9A19103F-16F7-4668-BE54-9A1E7A4F7556}") = "Convience.Dependency", "Convience.FrameWork\Convience.Dependency\Convience.Dependency.csproj", "{2857DB29-DB19-4DCA-9F24-518B316EFE8C}"
EndProject
Project("{9A19103F-16F7-4668-BE54-9A1E7A4F7556}") = "Convience.JwtAuthentication", "Convience.FrameWork\Convience.Jwtauthentication\Convience.JwtAuthentication.csproj", "{61CCDE66-1638-49E0-BCB4-A15396BCC2EA}"
EndProject
Project("{2150E333-8FDC-42A3-9474-1A3956D46DE8}") = "Convience.Taskscheduling", "Convience.Taskscheduling", "{53B8A136-289D-4861-87C9-00078E217FE6}"
EndProject
Project("{9A19103F-16F7-4668-BE54-9A1E7A4F7556}") = "Convience.Hangfire", "Convience.FrameWork\Convience.Taskscheduling\Convience.Hangfire\Convience.Hangfire.csproj", "{9A2E8CEC-681E-47AC-87FD-A36C93D2E8F3}"
EndProject
Project("{2150E333-8FDC-42A3-9474-1A3956D46DE8}") = "Convience.Filestorage", "Convience.Filestorage", "{2C278402-21EE-42CE-8B28-64C495DB89CD}"
EndProject
Project("{9A19103F-16F7-4668-BE54-9A1E7A4F7556}") = "Convience.Filestorage.Abstraction", "Convience.FrameWork\Convience.Filestorage\Convience.Filestorage.Abstraction\Convience.Filestorage.Abstraction.csproj", "{CFAB1ADB-344A-4BF7-8EED-A80A68139564}"
EndProject
Project("{9A19103F-16F7-4668-BE54-9A1E7A4F7556}") = "Convience.Filestorage.Filesystem", "Convience.FrameWork\Convience.Filestorage\Convience.Filestorage.Filesystem\Convience.Filestorage.Filesystem.csproj", "{B5676197-19AD-477F-ABEF-BD0834A4DAB1}"
EndProject
Project("{2150E333-8FDC-42A3-9474-1A3956D46DE8}") = "Convience.Data", "Convience.Data", "{81BF728C-D3B4-4E2A-94B4-7A3D730026B3}"
EndProject
Project("{9A19103F-16F7-4668-BE54-9A1E7A4F7556}") = "Convience.MongoDB", "Convience.FrameWork\Convience.Data\Convience.MongoDB\Convience.MongoDB.csproj", "{3491099C-4A8F-4FEA-AFBD-53467C24CF31}"
EndProject
Project("{2150E333-8FDC-42A3-9474-1A3956D46DE8}") = "Convience.Comunication", "Convience.Comunication", "{259BDEF8-1D7D-44BE-B9EB-F48511353BD5}"
EndProject
Project("{9A19103F-16F7-4668-BE54-9A1E7A4F7556}") = "Convience.WebSockets", "Convience.FrameWork\Convience.Comunication\Convience.WebSocket\Convience.WebSockets.csproj", "{91E1D1C0-DDA2-4863-AC4C-C94F110FF067}"
EndProject
Project("{9A19103F-16F7-4668-BE54-9A1E7A4F7556}") = "Convience.Background", "Convience.FrameWork\Convience.Taskscheduling\Convience.Background\Convience.Background.csproj", "{7BC1BD23-CFD2-4081-9EE1-5F7A198F2F6A}"
EndProject
Project("{9A19103F-16F7-4668-BE54-9A1E7A4F7556}") = "Convience.Filestorage.MongoDB", "Convience.FrameWork\Convience.Filestorage\Convience.Filestorage.MongoDB\Convience.Filestorage.MongoDB.csproj", "{99242B54-0C4D-4B29-83DF-DB10F4C6FDDE}"
EndProject
Project("{9A19103F-16F7-4668-BE54-9A1E7A4F7556}") = "Convience.Caching", "Convience.Applications\Convience.Caching\Convience.Caching.csproj", "{17BCEDD5-C2F0-4A0C-A9C1-B1C4CFD9ED76}"
EndProject
Project("{9A19103F-16F7-4668-BE54-9A1E7A4F7556}") = "Convience.SignalRs", "Convience.FrameWork\Convience.Comunication\Convience.SignalRs\Convience.SignalRs.csproj", "{5599ED23-B8C8-419F-A8C8-80937500411A}"
EndProject
Project("{9A19103F-16F7-4668-BE54-9A1E7A4F7556}") = "Convience.Quartz", "Convience.FrameWork\Convience.Taskscheduling\Convience.Quartz\Convience.Quartz.csproj", "{34CC248F-FD6E-48C0-9FB0-B079DBA98512}"
EndProject
Project("{9A19103F-16F7-4668-BE54-9A1E7A4F7556}") = "Convience.Mail", "Convience.FrameWork\Convience.Comunication\Convience.Mail\Convience.Mail.csproj", "{2E41F543-17C1-4F20-9770-800CFB24901A}"
EndProject
Project("{9A19103F-16F7-4668-BE54-9A1E7A4F7556}") = "Convience.Injection", "Convience.FrameWork\Convience.Injection\Convience.Injection.csproj", "{7E9225C6-BBA1-45FA-A3E8-AC0E45638C69}"
EndProject
Global
	GlobalSection(SolutionConfigurationPlatforms) = preSolution
		Debug|Any CPU = Debug|Any CPU
		Release|Any CPU = Release|Any CPU
	EndGlobalSection
	GlobalSection(ProjectConfigurationPlatforms) = postSolution
		{80FDEED6-C283-4901-9B55-BA08D4C98394}.Debug|Any CPU.ActiveCfg = Debug|Any CPU
		{80FDEED6-C283-4901-9B55-BA08D4C98394}.Debug|Any CPU.Build.0 = Debug|Any CPU
		{80FDEED6-C283-4901-9B55-BA08D4C98394}.Release|Any CPU.ActiveCfg = Release|Any CPU
		{80FDEED6-C283-4901-9B55-BA08D4C98394}.Release|Any CPU.Build.0 = Release|Any CPU
		{4BEFDB37-E9D3-48E0-8CC4-2CC622F063C8}.Debug|Any CPU.ActiveCfg = Debug|Any CPU
		{4BEFDB37-E9D3-48E0-8CC4-2CC622F063C8}.Debug|Any CPU.Build.0 = Debug|Any CPU
		{4BEFDB37-E9D3-48E0-8CC4-2CC622F063C8}.Release|Any CPU.ActiveCfg = Release|Any CPU
		{4BEFDB37-E9D3-48E0-8CC4-2CC622F063C8}.Release|Any CPU.Build.0 = Release|Any CPU
		{DFCA502F-F81B-47DA-A3B7-00984F05BC2A}.Debug|Any CPU.ActiveCfg = Debug|Any CPU
		{DFCA502F-F81B-47DA-A3B7-00984F05BC2A}.Debug|Any CPU.Build.0 = Debug|Any CPU
		{DFCA502F-F81B-47DA-A3B7-00984F05BC2A}.Release|Any CPU.ActiveCfg = Release|Any CPU
		{DFCA502F-F81B-47DA-A3B7-00984F05BC2A}.Release|Any CPU.Build.0 = Release|Any CPU
		{0C968981-5652-490B-ACDE-61B43B31F434}.Debug|Any CPU.ActiveCfg = Debug|Any CPU
		{0C968981-5652-490B-ACDE-61B43B31F434}.Debug|Any CPU.Build.0 = Debug|Any CPU
		{0C968981-5652-490B-ACDE-61B43B31F434}.Release|Any CPU.ActiveCfg = Release|Any CPU
		{0C968981-5652-490B-ACDE-61B43B31F434}.Release|Any CPU.Build.0 = Release|Any CPU
		{87A6FC9D-257D-41EF-8A64-3BA80E5F2F81}.Debug|Any CPU.ActiveCfg = Debug|Any CPU
		{87A6FC9D-257D-41EF-8A64-3BA80E5F2F81}.Debug|Any CPU.Build.0 = Debug|Any CPU
		{87A6FC9D-257D-41EF-8A64-3BA80E5F2F81}.Release|Any CPU.ActiveCfg = Release|Any CPU
		{87A6FC9D-257D-41EF-8A64-3BA80E5F2F81}.Release|Any CPU.Build.0 = Release|Any CPU
		{0DAC03B3-CFED-49FB-AFB0-5DC27B29C5FC}.Debug|Any CPU.ActiveCfg = Debug|Any CPU
		{0DAC03B3-CFED-49FB-AFB0-5DC27B29C5FC}.Debug|Any CPU.Build.0 = Debug|Any CPU
		{0DAC03B3-CFED-49FB-AFB0-5DC27B29C5FC}.Release|Any CPU.ActiveCfg = Release|Any CPU
		{0DAC03B3-CFED-49FB-AFB0-5DC27B29C5FC}.Release|Any CPU.Build.0 = Release|Any CPU
		{9634CD98-3133-46F5-8BBF-608F35872C10}.Debug|Any CPU.ActiveCfg = Debug|Any CPU
		{9634CD98-3133-46F5-8BBF-608F35872C10}.Debug|Any CPU.Build.0 = Debug|Any CPU
		{9634CD98-3133-46F5-8BBF-608F35872C10}.Release|Any CPU.ActiveCfg = Release|Any CPU
		{9634CD98-3133-46F5-8BBF-608F35872C10}.Release|Any CPU.Build.0 = Release|Any CPU
		{22E971E8-9B3C-43FC-9448-815DA6127A9E}.Debug|Any CPU.ActiveCfg = Debug|Any CPU
		{22E971E8-9B3C-43FC-9448-815DA6127A9E}.Debug|Any CPU.Build.0 = Debug|Any CPU
		{22E971E8-9B3C-43FC-9448-815DA6127A9E}.Release|Any CPU.ActiveCfg = Release|Any CPU
		{22E971E8-9B3C-43FC-9448-815DA6127A9E}.Release|Any CPU.Build.0 = Release|Any CPU
		{2857DB29-DB19-4DCA-9F24-518B316EFE8C}.Debug|Any CPU.ActiveCfg = Debug|Any CPU
		{2857DB29-DB19-4DCA-9F24-518B316EFE8C}.Debug|Any CPU.Build.0 = Debug|Any CPU
		{2857DB29-DB19-4DCA-9F24-518B316EFE8C}.Release|Any CPU.ActiveCfg = Release|Any CPU
		{2857DB29-DB19-4DCA-9F24-518B316EFE8C}.Release|Any CPU.Build.0 = Release|Any CPU
		{61CCDE66-1638-49E0-BCB4-A15396BCC2EA}.Debug|Any CPU.ActiveCfg = Debug|Any CPU
		{61CCDE66-1638-49E0-BCB4-A15396BCC2EA}.Debug|Any CPU.Build.0 = Debug|Any CPU
		{61CCDE66-1638-49E0-BCB4-A15396BCC2EA}.Release|Any CPU.ActiveCfg = Release|Any CPU
		{61CCDE66-1638-49E0-BCB4-A15396BCC2EA}.Release|Any CPU.Build.0 = Release|Any CPU
		{9A2E8CEC-681E-47AC-87FD-A36C93D2E8F3}.Debug|Any CPU.ActiveCfg = Debug|Any CPU
		{9A2E8CEC-681E-47AC-87FD-A36C93D2E8F3}.Debug|Any CPU.Build.0 = Debug|Any CPU
		{9A2E8CEC-681E-47AC-87FD-A36C93D2E8F3}.Release|Any CPU.ActiveCfg = Release|Any CPU
		{9A2E8CEC-681E-47AC-87FD-A36C93D2E8F3}.Release|Any CPU.Build.0 = Release|Any CPU
		{CFAB1ADB-344A-4BF7-8EED-A80A68139564}.Debug|Any CPU.ActiveCfg = Debug|Any CPU
		{CFAB1ADB-344A-4BF7-8EED-A80A68139564}.Debug|Any CPU.Build.0 = Debug|Any CPU
		{CFAB1ADB-344A-4BF7-8EED-A80A68139564}.Release|Any CPU.ActiveCfg = Release|Any CPU
		{CFAB1ADB-344A-4BF7-8EED-A80A68139564}.Release|Any CPU.Build.0 = Release|Any CPU
		{B5676197-19AD-477F-ABEF-BD0834A4DAB1}.Debug|Any CPU.ActiveCfg = Debug|Any CPU
		{B5676197-19AD-477F-ABEF-BD0834A4DAB1}.Debug|Any CPU.Build.0 = Debug|Any CPU
		{B5676197-19AD-477F-ABEF-BD0834A4DAB1}.Release|Any CPU.ActiveCfg = Release|Any CPU
		{B5676197-19AD-477F-ABEF-BD0834A4DAB1}.Release|Any CPU.Build.0 = Release|Any CPU
		{3491099C-4A8F-4FEA-AFBD-53467C24CF31}.Debug|Any CPU.ActiveCfg = Debug|Any CPU
		{3491099C-4A8F-4FEA-AFBD-53467C24CF31}.Debug|Any CPU.Build.0 = Debug|Any CPU
		{3491099C-4A8F-4FEA-AFBD-53467C24CF31}.Release|Any CPU.ActiveCfg = Release|Any CPU
		{3491099C-4A8F-4FEA-AFBD-53467C24CF31}.Release|Any CPU.Build.0 = Release|Any CPU
		{91E1D1C0-DDA2-4863-AC4C-C94F110FF067}.Debug|Any CPU.ActiveCfg = Debug|Any CPU
		{91E1D1C0-DDA2-4863-AC4C-C94F110FF067}.Debug|Any CPU.Build.0 = Debug|Any CPU
		{91E1D1C0-DDA2-4863-AC4C-C94F110FF067}.Release|Any CPU.ActiveCfg = Release|Any CPU
		{91E1D1C0-DDA2-4863-AC4C-C94F110FF067}.Release|Any CPU.Build.0 = Release|Any CPU
		{7BC1BD23-CFD2-4081-9EE1-5F7A198F2F6A}.Debug|Any CPU.ActiveCfg = Debug|Any CPU
		{7BC1BD23-CFD2-4081-9EE1-5F7A198F2F6A}.Debug|Any CPU.Build.0 = Debug|Any CPU
		{7BC1BD23-CFD2-4081-9EE1-5F7A198F2F6A}.Release|Any CPU.ActiveCfg = Release|Any CPU
		{7BC1BD23-CFD2-4081-9EE1-5F7A198F2F6A}.Release|Any CPU.Build.0 = Release|Any CPU
		{99242B54-0C4D-4B29-83DF-DB10F4C6FDDE}.Debug|Any CPU.ActiveCfg = Debug|Any CPU
		{99242B54-0C4D-4B29-83DF-DB10F4C6FDDE}.Debug|Any CPU.Build.0 = Debug|Any CPU
		{99242B54-0C4D-4B29-83DF-DB10F4C6FDDE}.Release|Any CPU.ActiveCfg = Release|Any CPU
		{99242B54-0C4D-4B29-83DF-DB10F4C6FDDE}.Release|Any CPU.Build.0 = Release|Any CPU
		{17BCEDD5-C2F0-4A0C-A9C1-B1C4CFD9ED76}.Debug|Any CPU.ActiveCfg = Debug|Any CPU
		{17BCEDD5-C2F0-4A0C-A9C1-B1C4CFD9ED76}.Debug|Any CPU.Build.0 = Debug|Any CPU
		{17BCEDD5-C2F0-4A0C-A9C1-B1C4CFD9ED76}.Release|Any CPU.ActiveCfg = Release|Any CPU
		{17BCEDD5-C2F0-4A0C-A9C1-B1C4CFD9ED76}.Release|Any CPU.Build.0 = Release|Any CPU
		{5599ED23-B8C8-419F-A8C8-80937500411A}.Debug|Any CPU.ActiveCfg = Debug|Any CPU
		{5599ED23-B8C8-419F-A8C8-80937500411A}.Debug|Any CPU.Build.0 = Debug|Any CPU
		{5599ED23-B8C8-419F-A8C8-80937500411A}.Release|Any CPU.ActiveCfg = Release|Any CPU
		{5599ED23-B8C8-419F-A8C8-80937500411A}.Release|Any CPU.Build.0 = Release|Any CPU
		{34CC248F-FD6E-48C0-9FB0-B079DBA98512}.Debug|Any CPU.ActiveCfg = Debug|Any CPU
		{34CC248F-FD6E-48C0-9FB0-B079DBA98512}.Debug|Any CPU.Build.0 = Debug|Any CPU
		{34CC248F-FD6E-48C0-9FB0-B079DBA98512}.Release|Any CPU.ActiveCfg = Release|Any CPU
		{34CC248F-FD6E-48C0-9FB0-B079DBA98512}.Release|Any CPU.Build.0 = Release|Any CPU
		{2E41F543-17C1-4F20-9770-800CFB24901A}.Debug|Any CPU.ActiveCfg = Debug|Any CPU
		{2E41F543-17C1-4F20-9770-800CFB24901A}.Debug|Any CPU.Build.0 = Debug|Any CPU
		{2E41F543-17C1-4F20-9770-800CFB24901A}.Release|Any CPU.ActiveCfg = Release|Any CPU
		{2E41F543-17C1-4F20-9770-800CFB24901A}.Release|Any CPU.Build.0 = Release|Any CPU
		{7E9225C6-BBA1-45FA-A3E8-AC0E45638C69}.Debug|Any CPU.ActiveCfg = Debug|Any CPU
		{7E9225C6-BBA1-45FA-A3E8-AC0E45638C69}.Debug|Any CPU.Build.0 = Debug|Any CPU
		{7E9225C6-BBA1-45FA-A3E8-AC0E45638C69}.Release|Any CPU.ActiveCfg = Release|Any CPU
		{7E9225C6-BBA1-45FA-A3E8-AC0E45638C69}.Release|Any CPU.Build.0 = Release|Any CPU
	EndGlobalSection
	GlobalSection(SolutionProperties) = preSolution
		HideSolutionNode = FALSE
	EndGlobalSection
	GlobalSection(NestedProjects) = preSolution
		{80FDEED6-C283-4901-9B55-BA08D4C98394} = {116CE78A-855F-4077-B201-45C2564B8E51}
		{4BEFDB37-E9D3-48E0-8CC4-2CC622F063C8} = {81BF728C-D3B4-4E2A-94B4-7A3D730026B3}
		{DFCA502F-F81B-47DA-A3B7-00984F05BC2A} = {B2FBD460-03C9-44A5-8325-4DE983290B8E}
		{0C968981-5652-490B-ACDE-61B43B31F434} = {116CE78A-855F-4077-B201-45C2564B8E51}
		{87A6FC9D-257D-41EF-8A64-3BA80E5F2F81} = {116CE78A-855F-4077-B201-45C2564B8E51}
		{0DAC03B3-CFED-49FB-AFB0-5DC27B29C5FC} = {116CE78A-855F-4077-B201-45C2564B8E51}
		{9634CD98-3133-46F5-8BBF-608F35872C10} = {B2FBD460-03C9-44A5-8325-4DE983290B8E}
		{22E971E8-9B3C-43FC-9448-815DA6127A9E} = {B2FBD460-03C9-44A5-8325-4DE983290B8E}
		{2857DB29-DB19-4DCA-9F24-518B316EFE8C} = {B2FBD460-03C9-44A5-8325-4DE983290B8E}
		{61CCDE66-1638-49E0-BCB4-A15396BCC2EA} = {B2FBD460-03C9-44A5-8325-4DE983290B8E}
		{53B8A136-289D-4861-87C9-00078E217FE6} = {B2FBD460-03C9-44A5-8325-4DE983290B8E}
		{9A2E8CEC-681E-47AC-87FD-A36C93D2E8F3} = {53B8A136-289D-4861-87C9-00078E217FE6}
		{2C278402-21EE-42CE-8B28-64C495DB89CD} = {B2FBD460-03C9-44A5-8325-4DE983290B8E}
		{CFAB1ADB-344A-4BF7-8EED-A80A68139564} = {2C278402-21EE-42CE-8B28-64C495DB89CD}
		{B5676197-19AD-477F-ABEF-BD0834A4DAB1} = {2C278402-21EE-42CE-8B28-64C495DB89CD}
		{81BF728C-D3B4-4E2A-94B4-7A3D730026B3} = {B2FBD460-03C9-44A5-8325-4DE983290B8E}
		{3491099C-4A8F-4FEA-AFBD-53467C24CF31} = {81BF728C-D3B4-4E2A-94B4-7A3D730026B3}
		{259BDEF8-1D7D-44BE-B9EB-F48511353BD5} = {B2FBD460-03C9-44A5-8325-4DE983290B8E}
		{91E1D1C0-DDA2-4863-AC4C-C94F110FF067} = {259BDEF8-1D7D-44BE-B9EB-F48511353BD5}
		{7BC1BD23-CFD2-4081-9EE1-5F7A198F2F6A} = {53B8A136-289D-4861-87C9-00078E217FE6}
		{99242B54-0C4D-4B29-83DF-DB10F4C6FDDE} = {2C278402-21EE-42CE-8B28-64C495DB89CD}
		{17BCEDD5-C2F0-4A0C-A9C1-B1C4CFD9ED76} = {116CE78A-855F-4077-B201-45C2564B8E51}
		{5599ED23-B8C8-419F-A8C8-80937500411A} = {259BDEF8-1D7D-44BE-B9EB-F48511353BD5}
		{34CC248F-FD6E-48C0-9FB0-B079DBA98512} = {53B8A136-289D-4861-87C9-00078E217FE6}
		{2E41F543-17C1-4F20-9770-800CFB24901A} = {259BDEF8-1D7D-44BE-B9EB-F48511353BD5}
		{7E9225C6-BBA1-45FA-A3E8-AC0E45638C69} = {B2FBD460-03C9-44A5-8325-4DE983290B8E}
	EndGlobalSection
	GlobalSection(ExtensibilityGlobals) = postSolution
		SolutionGuid = {849E7953-7A28-4DDF-A3B5-B9FC5B203823}
	EndGlobalSection
EndGlobal
